
Microsoft Visual Studio Solution File, Format Version 12.00
# Visual Studio Version 17
VisualStudioVersion = 17.7.34031.279
MinimumVisualStudioVersion = 10.0.40219.1
Project("{FAE04EC0-301F-11D3-BF4B-00C04F79EFBC}") = "PaintCalculator_We", "PaintCalculator_We.csproj", "{7A184129-F501-4209-8841-6B6265357A44}"
EndProject
Global
	GlobalSection(SolutionConfigurationPlatforms) = preSolution
		Debug|Any CPU = Debug|Any CPU
		Release|Any CPU = Release|Any CPU
	EndGlobalSection
	GlobalSection(ProjectConfigurationPlatforms) = postSolution
		{7A184129-F501-4209-8841-6B6265357A44}.Debug|Any CPU.ActiveCfg = Debug|Any CPU
		{7A184129-F501-4209-8841-6B6265357A44}.Debug|Any CPU.Build.0 = Debug|Any CPU
		{7A184129-F501-4209-8841-6B6265357A44}.Release|Any CPU.ActiveCfg = Release|Any CPU
		{7A184129-F501-4209-8841-6B6265357A44}.Release|Any CPU.Build.0 = Release|Any CPU
	EndGlobalSection
	GlobalSection(SolutionProperties) = preSolution
		HideSolutionNode = FALSE
	EndGlobalSection
	GlobalSection(ExtensibilityGlobals) = postSolution
		SolutionGuid = {6B776545-AD20-45FE-B738-3449E14F27C1}
	EndGlobalSection
EndGlobal
